
Microsoft Visual Studio Solution File, Format Version 12.00
# Visual Studio 15
VisualStudioVersion = 15.0.27130.2024
MinimumVisualStudioVersion = 10.0.40219.1
Project("{FAE04EC0-301F-11D3-BF4B-00C04F79EFBC}") = "FcLinkedList", "FcLinkedList\FcLinkedList.csproj", "{F7220109-CDC2-4CAE-B074-2B44F90C3B62}"
EndProject
Project("{FAE04EC0-301F-11D3-BF4B-00C04F79EFBC}") = "UnitTests", "Testing\UnitTests.csproj", "{12B0344C-69AE-485E-A863-B3BFADAEA3A9}"
EndProject
Project("{FAE04EC0-301F-11D3-BF4B-00C04F79EFBC}") = "RssReader", "RssReader\RssReader.csproj", "{F173BDEB-F2DD-47CB-BA33-916D1B8CC964}"
EndProject
Global
	GlobalSection(SolutionConfigurationPlatforms) = preSolution
		Debug|Any CPU = Debug|Any CPU
		Release|Any CPU = Release|Any CPU
	EndGlobalSection
	GlobalSection(ProjectConfigurationPlatforms) = postSolution
		{F7220109-CDC2-4CAE-B074-2B44F90C3B62}.Debug|Any CPU.ActiveCfg = Debug|Any CPU
		{F7220109-CDC2-4CAE-B074-2B44F90C3B62}.Debug|Any CPU.Build.0 = Debug|Any CPU
		{F7220109-CDC2-4CAE-B074-2B44F90C3B62}.Release|Any CPU.ActiveCfg = Release|Any CPU
		{F7220109-CDC2-4CAE-B074-2B44F90C3B62}.Release|Any CPU.Build.0 = Release|Any CPU
		{12B0344C-69AE-485E-A863-B3BFADAEA3A9}.Debug|Any CPU.ActiveCfg = Debug|Any CPU
		{12B0344C-69AE-485E-A863-B3BFADAEA3A9}.Debug|Any CPU.Build.0 = Debug|Any CPU
		{12B0344C-69AE-485E-A863-B3BFADAEA3A9}.Release|Any CPU.ActiveCfg = Release|Any CPU
		{12B0344C-69AE-485E-A863-B3BFADAEA3A9}.Release|Any CPU.Build.0 = Release|Any CPU
		{F173BDEB-F2DD-47CB-BA33-916D1B8CC964}.Debug|Any CPU.ActiveCfg = Debug|Any CPU
		{F173BDEB-F2DD-47CB-BA33-916D1B8CC964}.Debug|Any CPU.Build.0 = Debug|Any CPU
		{F173BDEB-F2DD-47CB-BA33-916D1B8CC964}.Release|Any CPU.ActiveCfg = Release|Any CPU
		{F173BDEB-F2DD-47CB-BA33-916D1B8CC964}.Release|Any CPU.Build.0 = Release|Any CPU
	EndGlobalSection
	GlobalSection(SolutionProperties) = preSolution
		HideSolutionNode = FALSE
	EndGlobalSection
	GlobalSection(ExtensibilityGlobals) = postSolution
		SolutionGuid = {FE8CC649-86D4-44B6-8A69-5F4593833499}
	EndGlobalSection
EndGlobal
